
Microsoft Visual Studio Solution File, Format Version 12.00
# Visual Studio Version 17
VisualStudioVersion = 17.14.37411.7 d17.14
MinimumVisualStudioVersion = 10.0.40219.1
Project("{FAE04EC0-301F-11D3-BF4B-00C04F79EFBC}") = "SoftValeApi", "SoftValeApi\SoftValeApi.csproj", "{312682D8-CBB0-4E34-B520-EC8917DBF04A}"
EndProject
Global
	GlobalSection(SolutionConfigurationPlatforms) = preSolution
		Debug|Any CPU = Debug|Any CPU
		Release|Any CPU = Release|Any CPU
	EndGlobalSection
	GlobalSection(ProjectConfigurationPlatforms) = postSolution
		{312682D8-CBB0-4E34-B520-EC8917DBF04A}.Debug|Any CPU.ActiveCfg = Debug|Any CPU
		{312682D8-CBB0-4E34-B520-EC8917DBF04A}.Debug|Any CPU.Build.0 = Debug|Any CPU
		{312682D8-CBB0-4E34-B520-EC8917DBF04A}.Release|Any CPU.ActiveCfg = Release|Any CPU
		{312682D8-CBB0-4E34-B520-EC8917DBF04A}.Release|Any CPU.Build.0 = Release|Any CPU
	EndGlobalSection
	GlobalSection(SolutionProperties) = preSolution
		HideSolutionNode = FALSE
	EndGlobalSection
	GlobalSection(ExtensibilityGlobals) = postSolution
		SolutionGuid = {33F4D78D-C6B3-4DEB-93DA-41BDBADCF9E7}
	EndGlobalSection
EndGlobal
